
Microsoft Visual Studio Solution File, Format Version 12.00
# Visual Studio 15
VisualStudioVersion = 15.0.28307.705
MinimumVisualStudioVersion = 10.0.40219.1
Project("{FAE04EC0-301F-11D3-BF4B-00C04F79EFBC}") = "Zamow", "ZadB9\Zamow.csproj", "{86B6C374-AE69-4189-ADB3-4BB263603E8A}"
EndProject
Project("{FAE04EC0-301F-11D3-BF4B-00C04F79EFBC}") = "Logika", "Logika\Logika.csproj", "{1750FAD0-70A1-47DD-900C-38396890E92F}"
EndProject
Global
	GlobalSection(SolutionConfigurationPlatforms) = preSolution
		Debug|Any CPU = Debug|Any CPU
		Release|Any CPU = Release|Any CPU
	EndGlobalSection
	GlobalSection(ProjectConfigurationPlatforms) = postSolution
		{86B6C374-AE69-4189-ADB3-4BB263603E8A}.Debug|Any CPU.ActiveCfg = Debug|Any CPU
		{86B6C374-AE69-4189-ADB3-4BB263603E8A}.Debug|Any CPU.Build.0 = Debug|Any CPU
		{86B6C374-AE69-4189-ADB3-4BB263603E8A}.Release|Any CPU.ActiveCfg = Release|Any CPU
		{86B6C374-AE69-4189-ADB3-4BB263603E8A}.Release|Any CPU.Build.0 = Release|Any CPU
		{1750FAD0-70A1-47DD-900C-38396890E92F}.Debug|Any CPU.ActiveCfg = Debug|Any CPU
		{1750FAD0-70A1-47DD-900C-38396890E92F}.Debug|Any CPU.Build.0 = Debug|Any CPU
		{1750FAD0-70A1-47DD-900C-38396890E92F}.Release|Any CPU.ActiveCfg = Release|Any CPU
		{1750FAD0-70A1-47DD-900C-38396890E92F}.Release|Any CPU.Build.0 = Release|Any CPU
	EndGlobalSection
	GlobalSection(SolutionProperties) = preSolution
		HideSolutionNode = FALSE
	EndGlobalSection
	GlobalSection(ExtensibilityGlobals) = postSolution
		SolutionGuid = {AFC02E4B-FCFF-46A8-A5A2-105CC62EE6B6}
	EndGlobalSection
EndGlobal
